// !$*UTF8*$!
{
	archiveVersion = 1;
	classes = {
	};
	objectVersion = 46;
	objects = {

/* Begin PBXBuildFile section */
		50CF37E21B74DB8C008C8B46 /* AppDelegate.swift in Sources */ = {isa = PBXBuildFile; fileRef = 50CF37E11B74DB8C008C8B46 /* AppDelegate.swift */; };
		50CF37E61B74DB8C008C8B46 /* Shaders.metal in Sources */ = {isa = PBXBuildFile; fileRef = 50CF37E51B74DB8C008C8B46 /* Shaders.metal */; };
		50CF37E81B74DB8C008C8B46 /* Assets.xcassets in Resources */ = {isa = PBXBuildFile; fileRef = 50CF37E71B74DB8C008C8B46 /* Assets.xcassets */; };
		50CF37EB1B74DB8C008C8B46 /* MainMenu.xib in Resources */ = {isa = PBXBuildFile; fileRef = 50CF37E91B74DB8C008C8B46 /* MainMenu.xib */; };
		50CF37F01B74DBA1008C8B46 /* GameViewController.swift in Sources */ = {isa = PBXBuildFile; fileRef = 6C3F688A1B74BD2800D80E60 /* GameViewController.swift */; };
		50CF37F11B74DBB1008C8B46 /* VertexData.swift in Sources */ = {isa = PBXBuildFile; fileRef = 6C3F68971B74C03C00D80E60 /* VertexData.swift */; };
		50CF37F41B74DC48008C8B46 /* GameScene.swift in Sources */ = {isa = PBXBuildFile; fileRef = 50CF37F21B74DC2B008C8B46 /* GameScene.swift */; };
		50CF37F61B74DC9E008C8B46 /* GameScene.swift in Sources */ = {isa = PBXBuildFile; fileRef = 50CF37F21B74DC2B008C8B46 /* GameScene.swift */; };
		50CF37F81B74DCF7008C8B46 /* MTLNode.swift in Sources */ = {isa = PBXBuildFile; fileRef = 50CF37F71B74DCF7008C8B46 /* MTLNode.swift */; };
		50CF37F91B74DCF7008C8B46 /* MTLNode.swift in Sources */ = {isa = PBXBuildFile; fileRef = 50CF37F71B74DCF7008C8B46 /* MTLNode.swift */; };
		50CF37FA1B74DD18008C8B46 /* GameOfLife.swift in Sources */ = {isa = PBXBuildFile; fileRef = 6C041B731B74BC8B004F7DCD /* GameOfLife.swift */; };
		50CF37FB1B74E18B008C8B46 /* AppDelegate.swift in Sources */ = {isa = PBXBuildFile; fileRef = 50CF37E11B74DB8C008C8B46 /* AppDelegate.swift */; };
		6C041B431B74BC18004F7DCD /* AppDelegate.swift in Sources */ = {isa = PBXBuildFile; fileRef = 6C041B421B74BC18004F7DCD /* AppDelegate.swift */; };
		6C041B471B74BC18004F7DCD /* GameScene.sks in Resources */ = {isa = PBXBuildFile; fileRef = 6C041B461B74BC18004F7DCD /* GameScene.sks */; };
		6C041B491B74BC18004F7DCD /* Assets.xcassets in Resources */ = {isa = PBXBuildFile; fileRef = 6C041B481B74BC18004F7DCD /* Assets.xcassets */; };
		6C041B4C1B74BC18004F7DCD /* MainMenu.xib in Resources */ = {isa = PBXBuildFile; fileRef = 6C041B4A1B74BC18004F7DCD /* MainMenu.xib */; };
		6C041B571B74BC18004F7DCD /* SKGameOfLifeTests.swift in Sources */ = {isa = PBXBuildFile; fileRef = 6C041B561B74BC18004F7DCD /* SKGameOfLifeTests.swift */; };
		6C041B621B74BC18004F7DCD /* SKGameOfLifeUITests.swift in Sources */ = {isa = PBXBuildFile; fileRef = 6C041B611B74BC18004F7DCD /* SKGameOfLifeUITests.swift */; };
		6C041B701B74BC7B004F7DCD /* GameScene.swift in Sources */ = {isa = PBXBuildFile; fileRef = 6C041B6F1B74BC7B004F7DCD /* GameScene.swift */; };
		6C041B721B74BC81004F7DCD /* GameOfLifeNode.swift in Sources */ = {isa = PBXBuildFile; fileRef = 6C041B711B74BC81004F7DCD /* GameOfLifeNode.swift */; };
		6C041B741B74BC8B004F7DCD /* GameOfLife.swift in Sources */ = {isa = PBXBuildFile; fileRef = 6C041B731B74BC8B004F7DCD /* GameOfLife.swift */; };
		6C3F688B1B74BD2800D80E60 /* GameViewController.swift in Sources */ = {isa = PBXBuildFile; fileRef = 6C3F688A1B74BD2800D80E60 /* GameViewController.swift */; };
		6C3F68981B74C03C00D80E60 /* VertexData.swift in Sources */ = {isa = PBXBuildFile; fileRef = 6C3F68971B74C03C00D80E60 /* VertexData.swift */; };
		6CA6600E1B74C44E00FA55D3 /* main.cpp in Sources */ = {isa = PBXBuildFile; fileRef = 6CA6600D1B74C44E00FA55D3 /* main.cpp */; };
/* End PBXBuildFile section */

/* Begin PBXContainerItemProxy section */
		6C041B531B74BC18004F7DCD /* PBXContainerItemProxy */ = {
			isa = PBXContainerItemProxy;
			containerPortal = 6C041B371B74BC18004F7DCD /* Project object */;
			proxyType = 1;
			remoteGlobalIDString = 6C041B3E1B74BC18004F7DCD;
			remoteInfo = SKGameOfLife;
		};
		6C041B5E1B74BC18004F7DCD /* PBXContainerItemProxy */ = {
			isa = PBXContainerItemProxy;
			containerPortal = 6C041B371B74BC18004F7DCD /* Project object */;
			proxyType = 1;
			remoteGlobalIDString = 6C041B3E1B74BC18004F7DCD;
			remoteInfo = SKGameOfLife;
		};
/* End PBXContainerItemProxy section */

/* Begin PBXCopyFilesBuildPhase section */
		6CA660091B74C44E00FA55D3 /* CopyFiles */ = {
			isa = PBXCopyFilesBuildPhase;
			buildActionMask = 2147483647;
			dstPath = /usr/share/man/man1/;
			dstSubfolderSpec = 0;
			files = (
			);
			runOnlyForDeploymentPostprocessing = 1;
		};
/* End PBXCopyFilesBuildPhase section */

/* Begin PBXFileReference section */
		50CF37DF1B74DB8C008C8B46 /* gol.app */ = {isa = PBXFileReference; explicitFileType = wrapper.application; includeInIndex = 0; path = gol.app; sourceTree = BUILT_PRODUCTS_DIR; };
		50CF37E11B74DB8C008C8B46 /* AppDelegate.swift */ = {isa = PBXFileReference; lastKnownFileType = sourcecode.swift; name = AppDelegate.swift; path = ../gol/AppDelegate.swift; sourceTree = "<group>"; };
		50CF37E51B74DB8C008C8B46 /* Shaders.metal */ = {isa = PBXFileReference; lastKnownFileType = sourcecode.metal; name = Shaders.metal; path = ../gol/Shaders.metal; sourceTree = "<group>"; };
		50CF37E71B74DB8C008C8B46 /* Assets.xcassets */ = {isa = PBXFileReference; lastKnownFileType = folder.assetcatalog; name = Assets.xcassets; path = ../gol/Assets.xcassets; sourceTree = "<group>"; };
		50CF37EA1B74DB8C008C8B46 /* Base */ = {isa = PBXFileReference; lastKnownFileType = file.xib; name = Base; path = Base.lproj/MainMenu.xib; sourceTree = "<group>"; };
		50CF37EC1B74DB8C008C8B46 /* Info.plist */ = {isa = PBXFileReference; lastKnownFileType = text.plist.xml; name = Info.plist; path = ../gol/Info.plist; sourceTree = "<group>"; };
		50CF37F21B74DC2B008C8B46 /* GameScene.swift */ = {isa = PBXFileReference; fileEncoding = 4; lastKnownFileType = sourcecode.swift; path = GameScene.swift; sourceTree = "<group>"; };
		50CF37F71B74DCF7008C8B46 /* MTLNode.swift */ = {isa = PBXFileReference; fileEncoding = 4; lastKnownFileType = sourcecode.swift; path = MTLNode.swift; sourceTree = "<group>"; };
		6C041B3F1B74BC18004F7DCD /* SKGameOfLife.app */ = {isa = PBXFileReference; explicitFileType = wrapper.application; includeInIndex = 0; path = SKGameOfLife.app; sourceTree = BUILT_PRODUCTS_DIR; };
		6C041B421B74BC18004F7DCD /* AppDelegate.swift */ = {isa = PBXFileReference; lastKnownFileType = sourcecode.swift; path = AppDelegate.swift; sourceTree = "<group>"; };
		6C041B461B74BC18004F7DCD /* GameScene.sks */ = {isa = PBXFileReference; lastKnownFileType = file.sks; path = GameScene.sks; sourceTree = "<group>"; };
		6C041B481B74BC18004F7DCD /* Assets.xcassets */ = {isa = PBXFileReference; lastKnownFileType = folder.assetcatalog; path = Assets.xcassets; sourceTree = "<group>"; };
		6C041B4B1B74BC18004F7DCD /* Base */ = {isa = PBXFileReference; lastKnownFileType = file.xib; name = Base; path = Base.lproj/MainMenu.xib; sourceTree = "<group>"; };
		6C041B4D1B74BC18004F7DCD /* Info.plist */ = {isa = PBXFileReference; lastKnownFileType = text.plist.xml; path = Info.plist; sourceTree = "<group>"; };
		6C041B521B74BC18004F7DCD /* SKGameOfLifeTests.xctest */ = {isa = PBXFileReference; explicitFileType = wrapper.cfbundle; includeInIndex = 0; path = SKGameOfLifeTests.xctest; sourceTree = BUILT_PRODUCTS_DIR; };
		6C041B561B74BC18004F7DCD /* SKGameOfLifeTests.swift */ = {isa = PBXFileReference; lastKnownFileType = sourcecode.swift; path = SKGameOfLifeTests.swift; sourceTree = "<group>"; };
		6C041B581B74BC18004F7DCD /* Info.plist */ = {isa = PBXFileReference; lastKnownFileType = text.plist.xml; path = Info.plist; sourceTree = "<group>"; };
		6C041B5D1B74BC18004F7DCD /* SKGameOfLifeUITests.xctest */ = {isa = PBXFileReference; explicitFileType = wrapper.cfbundle; includeInIndex = 0; path = SKGameOfLifeUITests.xctest; sourceTree = BUILT_PRODUCTS_DIR; };
		6C041B611B74BC18004F7DCD /* SKGameOfLifeUITests.swift */ = {isa = PBXFileReference; lastKnownFileType = sourcecode.swift; path = SKGameOfLifeUITests.swift; sourceTree = "<group>"; };
		6C041B631B74BC18004F7DCD /* Info.plist */ = {isa = PBXFileReference; lastKnownFileType = text.plist.xml; path = Info.plist; sourceTree = "<group>"; };
		6C041B6F1B74BC7B004F7DCD /* GameScene.swift */ = {isa = PBXFileReference; fileEncoding = 4; lastKnownFileType = sourcecode.swift; path = GameScene.swift; sourceTree = "<group>"; };
		6C041B711B74BC81004F7DCD /* GameOfLifeNode.swift */ = {isa = PBXFileReference; fileEncoding = 4; lastKnownFileType = sourcecode.swift; path = GameOfLifeNode.swift; sourceTree = "<group>"; };
		6C041B731B74BC8B004F7DCD /* GameOfLife.swift */ = {isa = PBXFileReference; fileEncoding = 4; lastKnownFileType = sourcecode.swift; name = GameOfLife.swift; path = SKGameOfLife/GameOfLife.swift; sourceTree = "<group>"; };
		6C3F68861B74BD2800D80E60 /* MTLGameOfLife.app */ = {isa = PBXFileReference; explicitFileType = wrapper.application; includeInIndex = 0; path = MTLGameOfLife.app; sourceTree = BUILT_PRODUCTS_DIR; };
		6C3F688A1B74BD2800D80E60 /* GameViewController.swift */ = {isa = PBXFileReference; lastKnownFileType = sourcecode.swift; path = GameViewController.swift; sourceTree = "<group>"; };
		6C3F68971B74C03C00D80E60 /* VertexData.swift */ = {isa = PBXFileReference; fileEncoding = 4; lastKnownFileType = sourcecode.swift; path = VertexData.swift; sourceTree = "<group>"; };
		6CA6600B1B74C44E00FA55D3 /* GameOfLife-OpenGL */ = {isa = PBXFileReference; explicitFileType = "compiled.mach-o.executable"; includeInIndex = 0; path = "GameOfLife-OpenGL"; sourceTree = BUILT_PRODUCTS_DIR; };
		6CA6600D1B74C44E00FA55D3 /* main.cpp */ = {isa = PBXFileReference; lastKnownFileType = sourcecode.cpp.cpp; path = main.cpp; sourceTree = "<group>"; };
/* End PBXFileReference section */

/* Begin PBXFrameworksBuildPhase section */
		50CF37DC1B74DB8C008C8B46 /* Frameworks */ = {
			isa = PBXFrameworksBuildPhase;
			buildActionMask = 2147483647;
			files = (
			);
			runOnlyForDeploymentPostprocessing = 0;
		};
		6C041B3C1B74BC18004F7DCD /* Frameworks */ = {
			isa = PBXFrameworksBuildPhase;
			buildActionMask = 2147483647;
			files = (
			);
			runOnlyForDeploymentPostprocessing = 0;
		};
		6C041B4F1B74BC18004F7DCD /* Frameworks */ = {
			isa = PBXFrameworksBuildPhase;
			buildActionMask = 2147483647;
			files = (
			);
			runOnlyForDeploymentPostprocessing = 0;
		};
		6C041B5A1B74BC18004F7DCD /* Frameworks */ = {
			isa = PBXFrameworksBuildPhase;
			buildActionMask = 2147483647;
			files = (
			);
			runOnlyForDeploymentPostprocessing = 0;
		};
		6C3F68831B74BD2800D80E60 /* Frameworks */ = {
			isa = PBXFrameworksBuildPhase;
			buildActionMask = 2147483647;
			files = (
			);
			runOnlyForDeploymentPostprocessing = 0;
		};
		6CA660081B74C44E00FA55D3 /* Frameworks */ = {
			isa = PBXFrameworksBuildPhase;
			buildActionMask = 2147483647;
			files = (
			);
			runOnlyForDeploymentPostprocessing = 0;
		};
/* End PBXFrameworksBuildPhase section */

/* Begin PBXGroup section */
		6C041B361B74BC18004F7DCD = {
			isa = PBXGroup;
			children = (
				6C041B731B74BC8B004F7DCD /* GameOfLife.swift */,
				6C041B411B74BC18004F7DCD /* SKGameOfLife */,
				6C041B551B74BC18004F7DCD /* SKGameOfLifeTests */,
				6C041B601B74BC18004F7DCD /* SKGameOfLifeUITests */,
				6C3F68871B74BD2800D80E60 /* MTLGameOfLife */,
				6CA6600C1B74C44E00FA55D3 /* GameOfLife-OpenGL */,
				6C041B401B74BC18004F7DCD /* Products */,
			);
			sourceTree = "<group>";
		};
		6C041B401B74BC18004F7DCD /* Products */ = {
			isa = PBXGroup;
			children = (
				6C041B3F1B74BC18004F7DCD /* SKGameOfLife.app */,
				6C041B521B74BC18004F7DCD /* SKGameOfLifeTests.xctest */,
				6C041B5D1B74BC18004F7DCD /* SKGameOfLifeUITests.xctest */,
				6C3F68861B74BD2800D80E60 /* MTLGameOfLife.app */,
				6CA6600B1B74C44E00FA55D3 /* GameOfLife-OpenGL */,
				50CF37DF1B74DB8C008C8B46 /* gol.app */,
			);
			name = Products;
			sourceTree = "<group>";
		};
		6C041B411B74BC18004F7DCD /* SKGameOfLife */ = {
			isa = PBXGroup;
			children = (
				6C041B6F1B74BC7B004F7DCD /* GameScene.swift */,
				6C041B421B74BC18004F7DCD /* AppDelegate.swift */,
				6C041B711B74BC81004F7DCD /* GameOfLifeNode.swift */,
				6C041B461B74BC18004F7DCD /* GameScene.sks */,
				6C041B481B74BC18004F7DCD /* Assets.xcassets */,
				6C041B4A1B74BC18004F7DCD /* MainMenu.xib */,
				6C041B4D1B74BC18004F7DCD /* Info.plist */,
			);
			path = SKGameOfLife;
			sourceTree = "<group>";
		};
		6C041B551B74BC18004F7DCD /* SKGameOfLifeTests */ = {
			isa = PBXGroup;
			children = (
				6C041B561B74BC18004F7DCD /* SKGameOfLifeTests.swift */,
				6C041B581B74BC18004F7DCD /* Info.plist */,
			);
			path = SKGameOfLifeTests;
			sourceTree = "<group>";
		};
		6C041B601B74BC18004F7DCD /* SKGameOfLifeUITests */ = {
			isa = PBXGroup;
			children = (
				6C041B611B74BC18004F7DCD /* SKGameOfLifeUITests.swift */,
				6C041B631B74BC18004F7DCD /* Info.plist */,
			);
			path = SKGameOfLifeUITests;
			sourceTree = "<group>";
		};
		6C3F68871B74BD2800D80E60 /* MTLGameOfLife */ = {
			isa = PBXGroup;
			children = (
				50CF37F21B74DC2B008C8B46 /* GameScene.swift */,
				50CF37F71B74DCF7008C8B46 /* MTLNode.swift */,
				6C3F688A1B74BD2800D80E60 /* GameViewController.swift */,
				6C3F68971B74C03C00D80E60 /* VertexData.swift */,
				50CF37E11B74DB8C008C8B46 /* AppDelegate.swift */,
				50CF37E51B74DB8C008C8B46 /* Shaders.metal */,
				50CF37E71B74DB8C008C8B46 /* Assets.xcassets */,
				50CF37E91B74DB8C008C8B46 /* MainMenu.xib */,
				50CF37EC1B74DB8C008C8B46 /* Info.plist */,
			);
			path = MTLGameOfLife;
			sourceTree = "<group>";
		};
		6CA6600C1B74C44E00FA55D3 /* GameOfLife-OpenGL */ = {
			isa = PBXGroup;
			children = (
				6CA6600D1B74C44E00FA55D3 /* main.cpp */,
			);
			path = "GameOfLife-OpenGL";
			sourceTree = "<group>";
		};
/* End PBXGroup section */

/* Begin PBXNativeTarget section */
		50CF37DE1B74DB8C008C8B46 /* gol */ = {
			isa = PBXNativeTarget;
			buildConfigurationList = 50CF37ED1B74DB8C008C8B46 /* Build configuration list for PBXNativeTarget "gol" */;
			buildPhases = (
				50CF37DB1B74DB8C008C8B46 /* Sources */,
				50CF37DC1B74DB8C008C8B46 /* Frameworks */,
				50CF37DD1B74DB8C008C8B46 /* Resources */,
			);
			buildRules = (
			);
			dependencies = (
			);
			name = gol;
			productName = gol;
			productReference = 50CF37DF1B74DB8C008C8B46 /* gol.app */;
			productType = "com.apple.product-type.application";
		};
		6C041B3E1B74BC18004F7DCD /* SKGameOfLife */ = {
			isa = PBXNativeTarget;
			buildConfigurationList = 6C041B661B74BC18004F7DCD /* Build configuration list for PBXNativeTarget "SKGameOfLife" */;
			buildPhases = (
				6C041B3B1B74BC18004F7DCD /* Sources */,
				6C041B3C1B74BC18004F7DCD /* Frameworks */,
				6C041B3D1B74BC18004F7DCD /* Resources */,
			);
			buildRules = (
			);
			dependencies = (
			);
			name = SKGameOfLife;
			productName = SKGameOfLife;
			productReference = 6C041B3F1B74BC18004F7DCD /* SKGameOfLife.app */;
			productType = "com.apple.product-type.application";
		};
		6C041B511B74BC18004F7DCD /* SKGameOfLifeTests */ = {
			isa = PBXNativeTarget;
			buildConfigurationList = 6C041B691B74BC18004F7DCD /* Build configuration list for PBXNativeTarget "SKGameOfLifeTests" */;
			buildPhases = (
				6C041B4E1B74BC18004F7DCD /* Sources */,
				6C041B4F1B74BC18004F7DCD /* Frameworks */,
				6C041B501B74BC18004F7DCD /* Resources */,
			);
			buildRules = (
			);
			dependencies = (
				6C041B541B74BC18004F7DCD /* PBXTargetDependency */,
			);
			name = SKGameOfLifeTests;
			productName = SKGameOfLifeTests;
			productReference = 6C041B521B74BC18004F7DCD /* SKGameOfLifeTests.xctest */;
			productType = "com.apple.product-type.bundle.unit-test";
		};
		6C041B5C1B74BC18004F7DCD /* SKGameOfLifeUITests */ = {
			isa = PBXNativeTarget;
			buildConfigurationList = 6C041B6C1B74BC18004F7DCD /* Build configuration list for PBXNativeTarget "SKGameOfLifeUITests" */;
			buildPhases = (
				6C041B591B74BC18004F7DCD /* Sources */,
				6C041B5A1B74BC18004F7DCD /* Frameworks */,
				6C041B5B1B74BC18004F7DCD /* Resources */,
			);
			buildRules = (
			);
			dependencies = (
				6C041B5F1B74BC18004F7DCD /* PBXTargetDependency */,
			);
			name = SKGameOfLifeUITests;
			productName = SKGameOfLifeUITests;
			productReference = 6C041B5D1B74BC18004F7DCD /* SKGameOfLifeUITests.xctest */;
			productType = "com.apple.product-type.bundle.ui-testing";
		};
		6C3F68851B74BD2800D80E60 /* MTLGameOfLife */ = {
			isa = PBXNativeTarget;
			buildConfigurationList = 6C3F68961B74BD2900D80E60 /* Build configuration list for PBXNativeTarget "MTLGameOfLife" */;
			buildPhases = (
				6C3F68821B74BD2800D80E60 /* Sources */,
				6C3F68831B74BD2800D80E60 /* Frameworks */,
				6C3F68841B74BD2800D80E60 /* Resources */,
			);
			buildRules = (
			);
			dependencies = (
			);
			name = MTLGameOfLife;
			productName = MTLGameOfLife;
			productReference = 6C3F68861B74BD2800D80E60 /* MTLGameOfLife.app */;
			productType = "com.apple.product-type.application";
		};
		6CA6600A1B74C44E00FA55D3 /* GameOfLife-OpenGL */ = {
			isa = PBXNativeTarget;
			buildConfigurationList = 6CA660111B74C44E00FA55D3 /* Build configuration list for PBXNativeTarget "GameOfLife-OpenGL" */;
			buildPhases = (
				6CA660071B74C44E00FA55D3 /* Sources */,
				6CA660081B74C44E00FA55D3 /* Frameworks */,
				6CA660091B74C44E00FA55D3 /* CopyFiles */,
			);
			buildRules = (
			);
			dependencies = (
			);
			name = "GameOfLife-OpenGL";
			productName = "GameOfLife-OpenGL";
			productReference = 6CA6600B1B74C44E00FA55D3 /* GameOfLife-OpenGL */;
			productType = "com.apple.product-type.tool";
		};
/* End PBXNativeTarget section */

/* Begin PBXProject section */
		6C041B371B74BC18004F7DCD /* Project object */ = {
			isa = PBXProject;
			attributes = {
				LastUpgradeCheck = 0700;
				ORGANIZATIONNAME = "Max Bilbow";
				TargetAttributes = {
					50CF37DE1B74DB8C008C8B46 = {
						CreatedOnToolsVersion = 7.0;
					};
					6C041B3E1B74BC18004F7DCD = {
						CreatedOnToolsVersion = 7.0;
						DevelopmentTeam = 668T39KN4E;
					};
					6C041B511B74BC18004F7DCD = {
						CreatedOnToolsVersion = 7.0;
						TestTargetID = 6C041B3E1B74BC18004F7DCD;
					};
					6C041B5C1B74BC18004F7DCD = {
						CreatedOnToolsVersion = 7.0;
						TestTargetID = 6C041B3E1B74BC18004F7DCD;
					};
					6C3F68851B74BD2800D80E60 = {
						CreatedOnToolsVersion = 7.0;
					};
					6CA6600A1B74C44E00FA55D3 = {
						CreatedOnToolsVersion = 7.0;
					};
				};
			};
			buildConfigurationList = 6C041B3A1B74BC18004F7DCD /* Build configuration list for PBXProject "GameOfLife" */;
			compatibilityVersion = "Xcode 3.2";
			developmentRegion = English;
			hasScannedForEncodings = 0;
			knownRegions = (
				en,
				Base,
			);
			mainGroup = 6C041B361B74BC18004F7DCD;
			productRefGroup = 6C041B401B74BC18004F7DCD /* Products */;
			projectDirPath = "";
			projectRoot = "";
			targets = (
				6C041B3E1B74BC18004F7DCD /* SKGameOfLife */,
				6C041B511B74BC18004F7DCD /* SKGameOfLifeTests */,
				6C041B5C1B74BC18004F7DCD /* SKGameOfLifeUITests */,
				6C3F68851B74BD2800D80E60 /* MTLGameOfLife */,
				6CA6600A1B74C44E00FA55D3 /* GameOfLife-OpenGL */,
				50CF37DE1B74DB8C008C8B46 /* gol */,
			);
		};
/* End PBXProject section */

/* Begin PBXResourcesBuildPhase section */
		50CF37DD1B74DB8C008C8B46 /* Resources */ = {
			isa = PBXResourcesBuildPhase;
			buildActionMask = 2147483647;
			files = (
				50CF37E81B74DB8C008C8B46 /* Assets.xcassets in Resources */,
				50CF37EB1B74DB8C008C8B46 /* MainMenu.xib in Resources */,
			);
			runOnlyForDeploymentPostprocessing = 0;
		};
		6C041B3D1B74BC18004F7DCD /* Resources */ = {
			isa = PBXResourcesBuildPhase;
			buildActionMask = 2147483647;
			files = (
				6C041B491B74BC18004F7DCD /* Assets.xcassets in Resources */,
				6C041B471B74BC18004F7DCD /* GameScene.sks in Resources */,
				6C041B4C1B74BC18004F7DCD /* MainMenu.xib in Resources */,
			);
			runOnlyForDeploymentPostprocessing = 0;
		};
		6C041B501B74BC18004F7DCD /* Resources */ = {
			isa = PBXResourcesBuildPhase;
			buildActionMask = 2147483647;
			files = (
			);
			runOnlyForDeploymentPostprocessing = 0;
		};
		6C041B5B1B74BC18004F7DCD /* Resources */ = {
			isa = PBXResourcesBuildPhase;
			buildActionMask = 2147483647;
			files = (
			);
			runOnlyForDeploymentPostprocessing = 0;
		};
		6C3F68841B74BD2800D80E60 /* Resources */ = {
			isa = PBXResourcesBuildPhase;
			buildActionMask = 2147483647;
			files = (
			);
			runOnlyForDeploymentPostprocessing = 0;
		};
/* End PBXResourcesBuildPhase section */

/* Begin PBXSourcesBuildPhase section */
		50CF37DB1B74DB8C008C8B46 /* Sources */ = {
			isa = PBXSourcesBuildPhase;
			buildActionMask = 2147483647;
			files = (
				50CF37E61B74DB8C008C8B46 /* Shaders.metal in Sources */,
				50CF37F91B74DCF7008C8B46 /* MTLNode.swift in Sources */,
				50CF37F01B74DBA1008C8B46 /* GameViewController.swift in Sources */,
				50CF37FA1B74DD18008C8B46 /* GameOfLife.swift in Sources */,
				50CF37E21B74DB8C008C8B46 /* AppDelegate.swift in Sources */,
				50CF37F61B74DC9E008C8B46 /* GameScene.swift in Sources */,
				50CF37F11B74DBB1008C8B46 /* VertexData.swift in Sources */,
			);
			runOnlyForDeploymentPostprocessing = 0;
		};
		6C041B3B1B74BC18004F7DCD /* Sources */ = {
			isa = PBXSourcesBuildPhase;
			buildActionMask = 2147483647;
			files = (
				6C041B721B74BC81004F7DCD /* GameOfLifeNode.swift in Sources */,
				6C041B701B74BC7B004F7DCD /* GameScene.swift in Sources */,
				6C041B741B74BC8B004F7DCD /* GameOfLife.swift in Sources */,
				6C041B431B74BC18004F7DCD /* AppDelegate.swift in Sources */,
			);
			runOnlyForDeploymentPostprocessing = 0;
		};
		6C041B4E1B74BC18004F7DCD /* Sources */ = {
			isa = PBXSourcesBuildPhase;
			buildActionMask = 2147483647;
			files = (
				6C041B571B74BC18004F7DCD /* SKGameOfLifeTests.swift in Sources */,
			);
			runOnlyForDeploymentPostprocessing = 0;
		};
		6C041B591B74BC18004F7DCD /* Sources */ = {
			isa = PBXSourcesBuildPhase;
			buildActionMask = 2147483647;
			files = (
				6C041B621B74BC18004F7DCD /* SKGameOfLifeUITests.swift in Sources */,
			);
			runOnlyForDeploymentPostprocessing = 0;
		};
		6C3F68821B74BD2800D80E60 /* Sources */ = {
			isa = PBXSourcesBuildPhase;
			buildActionMask = 2147483647;
			files = (
				50CF37F41B74DC48008C8B46 /* GameScene.swift in Sources */,
				6C3F688B1B74BD2800D80E60 /* GameViewController.swift in Sources */,
				6C3F68981B74C03C00D80E60 /* VertexData.swift in Sources */,
				50CF37FB1B74E18B008C8B46 /* AppDelegate.swift in Sources */,
				50CF37F81B74DCF7008C8B46 /* MTLNode.swift in Sources */,
			);
			runOnlyForDeploymentPostprocessing = 0;
		};
		6CA660071B74C44E00FA55D3 /* Sources */ = {
			isa = PBXSourcesBuildPhase;
			buildActionMask = 2147483647;
			files = (
				6CA6600E1B74C44E00FA55D3 /* main.cpp in Sources */,
			);
			runOnlyForDeploymentPostprocessing = 0;
		};
/* End PBXSourcesBuildPhase section */

/* Begin PBXTargetDependency section */
		6C041B541B74BC18004F7DCD /* PBXTargetDependency */ = {
			isa = PBXTargetDependency;
			target = 6C041B3E1B74BC18004F7DCD /* SKGameOfLife */;
			targetProxy = 6C041B531B74BC18004F7DCD /* PBXContainerItemProxy */;
		};
		6C041B5F1B74BC18004F7DCD /* PBXTargetDependency */ = {
			isa = PBXTargetDependency;
			target = 6C041B3E1B74BC18004F7DCD /* SKGameOfLife */;
			targetProxy = 6C041B5E1B74BC18004F7DCD /* PBXContainerItemProxy */;
		};
/* End PBXTargetDependency section */

/* Begin PBXVariantGroup section */
		50CF37E91B74DB8C008C8B46 /* MainMenu.xib */ = {
			isa = PBXVariantGroup;
			children = (
				50CF37EA1B74DB8C008C8B46 /* Base */,
			);
			name = MainMenu.xib;
			path = ../gol;
			sourceTree = "<group>";
		};
		6C041B4A1B74BC18004F7DCD /* MainMenu.xib */ = {
			isa = PBXVariantGroup;
			children = (
				6C041B4B1B74BC18004F7DCD /* Base */,
			);
			name = MainMenu.xib;
			sourceTree = "<group>";
		};
/* End PBXVariantGroup section */

/* Begin XCBuildConfiguration section */
		50CF37EE1B74DB8C008C8B46 /* Debug */ = {
			isa = XCBuildConfiguration;
			buildSettings = {
				ASSETCATALOG_COMPILER_APPICON_NAME = AppIcon;
				COMBINE_HIDPI_IMAGES = YES;
				INFOPLIST_FILE = gol/Info.plist;
				LD_RUNPATH_SEARCH_PATHS = "$(inherited) @executable_path/../Frameworks";
				PRODUCT_BUNDLE_IDENTIFIER = com.metal.gol;
				PRODUCT_NAME = "$(TARGET_NAME)";
			};
			name = Debug;
		};
		50CF37EF1B74DB8C008C8B46 /* Release */ = {
			isa = XCBuildConfiguration;
			buildSettings = {
				ASSETCATALOG_COMPILER_APPICON_NAME = AppIcon;
				COMBINE_HIDPI_IMAGES = YES;
				INFOPLIST_FILE = gol/Info.plist;
				LD_RUNPATH_SEARCH_PATHS = "$(inherited) @executable_path/../Frameworks";
				PRODUCT_BUNDLE_IDENTIFIER = com.metal.gol;
				PRODUCT_NAME = "$(TARGET_NAME)";
			};
			name = Release;
		};
		6C041B641B74BC18004F7DCD /* Debug */ = {
			isa = XCBuildConfiguration;
			buildSettings = {
				ALWAYS_SEARCH_USER_PATHS = NO;
				CLANG_CXX_LANGUAGE_STANDARD = "gnu++0x";
				CLANG_CXX_LIBRARY = "libc++";
				CLANG_ENABLE_MODULES = YES;
				CLANG_ENABLE_OBJC_ARC = YES;
				CLANG_WARN_BOOL_CONVERSION = YES;
				CLANG_WARN_CONSTANT_CONVERSION = YES;
				CLANG_WARN_DIRECT_OBJC_ISA_USAGE = YES_ERROR;
				CLANG_WARN_EMPTY_BODY = YES;
				CLANG_WARN_ENUM_CONVERSION = YES;
				CLANG_WARN_INT_CONVERSION = YES;
				CLANG_WARN_OBJC_ROOT_CLASS = YES_ERROR;
				CLANG_WARN_UNREACHABLE_CODE = YES;
				CLANG_WARN__DUPLICATE_METHOD_MATCH = YES;
				CODE_SIGN_IDENTITY = "-";
				COPY_PHASE_STRIP = NO;
				DEBUG_INFORMATION_FORMAT = dwarf;
				ENABLE_STRICT_OBJC_MSGSEND = YES;
				ENABLE_TESTABILITY = YES;
				GCC_C_LANGUAGE_STANDARD = gnu99;
				GCC_DYNAMIC_NO_PIC = NO;
				GCC_NO_COMMON_BLOCKS = YES;
				GCC_OPTIMIZATION_LEVEL = 0;
				GCC_PREPROCESSOR_DEFINITIONS = (
					"DEBUG=1",
					"$(inherited)",
				);
				GCC_WARN_64_TO_32_BIT_CONVERSION = YES;
				GCC_WARN_ABOUT_RETURN_TYPE = YES_ERROR;
				GCC_WARN_UNDECLARED_SELECTOR = YES;
				GCC_WARN_UNINITIALIZED_AUTOS = YES_AGGRESSIVE;
				GCC_WARN_UNUSED_FUNCTION = YES;
				GCC_WARN_UNUSED_VARIABLE = YES;
				MACOSX_DEPLOYMENT_TARGET = 10.11;
				MTL_ENABLE_DEBUG_INFO = YES;
				ONLY_ACTIVE_ARCH = YES;
				SDKROOT = macosx;
				SWIFT_OPTIMIZATION_LEVEL = "-Onone";
			};
			name = Debug;
		};
		6C041B651B74BC18004F7DCD /* Release */ = {
			isa = XCBuildConfiguration;
			buildSettings = {
				ALWAYS_SEARCH_USER_PATHS = NO;
				CLANG_CXX_LANGUAGE_STANDARD = "gnu++0x";
				CLANG_CXX_LIBRARY = "libc++";
				CLANG_ENABLE_MODULES = YES;
				CLANG_ENABLE_OBJC_ARC = YES;
				CLANG_WARN_BOOL_CONVERSION = YES;
				CLANG_WARN_CONSTANT_CONVERSION = YES;
				CLANG_WARN_DIRECT_OBJC_ISA_USAGE = YES_ERROR;
				CLANG_WARN_EMPTY_BODY = YES;
				CLANG_WARN_ENUM_CONVERSION = YES;
				CLANG_WARN_INT_CONVERSION = YES;
				CLANG_WARN_OBJC_ROOT_CLASS = YES_ERROR;
				CLANG_WARN_UNREACHABLE_CODE = YES;
				CLANG_WARN__DUPLICATE_METHOD_MATCH = YES;
				CODE_SIGN_IDENTITY = "-";
				COPY_PHASE_STRIP = NO;
				DEBUG_INFORMATION_FORMAT = "dwarf-with-dsym";
				ENABLE_NS_ASSERTIONS = NO;
				ENABLE_STRICT_OBJC_MSGSEND = YES;
				GCC_C_LANGUAGE_STANDARD = gnu99;
				GCC_NO_COMMON_BLOCKS = YES;
				GCC_WARN_64_TO_32_BIT_CONVERSION = YES;
				GCC_WARN_ABOUT_RETURN_TYPE = YES_ERROR;
				GCC_WARN_UNDECLARED_SELECTOR = YES;
				GCC_WARN_UNINITIALIZED_AUTOS = YES_AGGRESSIVE;
				GCC_WARN_UNUSED_FUNCTION = YES;
				GCC_WARN_UNUSED_VARIABLE = YES;
				MACOSX_DEPLOYMENT_TARGET = 10.11;
				MTL_ENABLE_DEBUG_INFO = NO;
				SDKROOT = macosx;
			};
			name = Release;
		};
		6C041B671B74BC18004F7DCD /* Debug */ = {
			isa = XCBuildConfiguration;
			buildSettings = {
				ASSETCATALOG_COMPILER_APPICON_NAME = AppIcon;
				CODE_SIGN_IDENTITY = "Developer ID Application";
				COMBINE_HIDPI_IMAGES = YES;
				INFOPLIST_FILE = SKGameOfLife/Info.plist;
				LD_RUNPATH_SEARCH_PATHS = "$(inherited) @executable_path/../Frameworks";
				PRODUCT_BUNDLE_IDENTIFIER = com.rattle.SKGameOfLife;
				PRODUCT_NAME = "$(TARGET_NAME)";
			};
			name = Debug;
		};
		6C041B681B74BC18004F7DCD /* Release */ = {
			isa = XCBuildConfiguration;
			buildSettings = {
				ASSETCATALOG_COMPILER_APPICON_NAME = AppIcon;
				CODE_SIGN_IDENTITY = "Developer ID Application";
				COMBINE_HIDPI_IMAGES = YES;
				INFOPLIST_FILE = SKGameOfLife/Info.plist;
				LD_RUNPATH_SEARCH_PATHS = "$(inherited) @executable_path/../Frameworks";
				PRODUCT_BUNDLE_IDENTIFIER = com.rattle.SKGameOfLife;
				PRODUCT_NAME = "$(TARGET_NAME)";
			};
			name = Release;
		};
		6C041B6A1B74BC18004F7DCD /* Debug */ = {
			isa = XCBuildConfiguration;
			buildSettings = {
				BUNDLE_LOADER = "$(TEST_HOST)";
				COMBINE_HIDPI_IMAGES = YES;
				INFOPLIST_FILE = SKGameOfLifeTests/Info.plist;
				LD_RUNPATH_SEARCH_PATHS = "$(inherited) @executable_path/../Frameworks @loader_path/../Frameworks";
				PRODUCT_BUNDLE_IDENTIFIER = com.rattle.SKGameOfLifeTests;
				PRODUCT_NAME = "$(TARGET_NAME)";
				TEST_HOST = "$(BUILT_PRODUCTS_DIR)/SKGameOfLife.app/Contents/MacOS/SKGameOfLife";
			};
			name = Debug;
		};
		6C041B6B1B74BC18004F7DCD /* Release */ = {
			isa = XCBuildConfiguration;
			buildSettings = {
				BUNDLE_LOADER = "$(TEST_HOST)";
				COMBINE_HIDPI_IMAGES = YES;
				INFOPLIST_FILE = SKGameOfLifeTests/Info.plist;
				LD_RUNPATH_SEARCH_PATHS = "$(inherited) @executable_path/../Frameworks @loader_path/../Frameworks";
				PRODUCT_BUNDLE_IDENTIFIER = com.rattle.SKGameOfLifeTests;
				PRODUCT_NAME = "$(TARGET_NAME)";
				TEST_HOST = "$(BUILT_PRODUCTS_DIR)/SKGameOfLife.app/Contents/MacOS/SKGameOfLife";
			};
			name = Release;
		};
		6C041B6D1B74BC18004F7DCD /* Debug */ = {
			isa = XCBuildConfiguration;
			buildSettings = {
				COMBINE_HIDPI_IMAGES = YES;
				INFOPLIST_FILE = SKGameOfLifeUITests/Info.plist;
				LD_RUNPATH_SEARCH_PATHS = "$(inherited) @executable_path/../Frameworks @loader_path/../Frameworks";
				PRODUCT_BUNDLE_IDENTIFIER = com.rattle.SKGameOfLifeUITests;
				PRODUCT_NAME = "$(TARGET_NAME)";
				TEST_TARGET_NAME = SKGameOfLife;
				USES_XCTRUNNER = YES;
			};
			name = Debug;
		};
		6C041B6E1B74BC18004F7DCD /* Release */ = {
			isa = XCBuildConfiguration;
			buildSettings = {
				COMBINE_HIDPI_IMAGES = YES;
				INFOPLIST_FILE = SKGameOfLifeUITests/Info.plist;
				LD_RUNPATH_SEARCH_PATHS = "$(inherited) @executable_path/../Frameworks @loader_path/../Frameworks";
				PRODUCT_BUNDLE_IDENTIFIER = com.rattle.SKGameOfLifeUITests;
				PRODUCT_NAME = "$(TARGET_NAME)";
				TEST_TARGET_NAME = SKGameOfLife;
				USES_XCTRUNNER = YES;
			};
			name = Release;
		};
		6C3F68941B74BD2800D80E60 /* Debug */ = {
			isa = XCBuildConfiguration;
			buildSettings = {
				ASSETCATALOG_COMPILER_APPICON_NAME = AppIcon;
				COMBINE_HIDPI_IMAGES = YES;
				INFOPLIST_FILE = MTLGameOfLife/Info.plist;
				LD_RUNPATH_SEARCH_PATHS = "$(inherited) @executable_path/../Frameworks";
				PRODUCT_BUNDLE_IDENTIFIER = com.rattle.MTLGameOfLife;
				PRODUCT_NAME = "$(TARGET_NAME)";
			};
			name = Debug;
		};
		6C3F68951B74BD2800D80E60 /* Release */ = {
			isa = XCBuildConfiguration;
			buildSettings = {
				ASSETCATALOG_COMPILER_APPICON_NAME = AppIcon;
				COMBINE_HIDPI_IMAGES = YES;
				INFOPLIST_FILE = MTLGameOfLife/Info.plist;
				LD_RUNPATH_SEARCH_PATHS = "$(inherited) @executable_path/../Frameworks";
				PRODUCT_BUNDLE_IDENTIFIER = com.rattle.MTLGameOfLife;
				PRODUCT_NAME = "$(TARGET_NAME)";
			};
			name = Release;
		};
		6CA6600F1B74C44E00FA55D3 /* Debug */ = {
			isa = XCBuildConfiguration;
			buildSettings = {
				MACOSX_DEPLOYMENT_TARGET = 10.10;
				PRODUCT_NAME = "$(TARGET_NAME)";
			};
			name = Debug;
		};
		6CA660101B74C44E00FA55D3 /* Release */ = {
			isa = XCBuildConfiguration;
			buildSettings = {
				MACOSX_DEPLOYMENT_TARGET = 10.10;
				PRODUCT_NAME = "$(TARGET_NAME)";
			};
			name = Release;
		};
/* End XCBuildConfiguration section */

/* Begin XCConfigurationList section */
		50CF37ED1B74DB8C008C8B46 /* Build configuration list for PBXNativeTarget "gol" */ = {
			isa = XCConfigurationList;
			buildConfigurations = (
				50CF37EE1B74DB8C008C8B46 /* Debug */,
				50CF37EF1B74DB8C008C8B46 /* Release */,
			);
			defaultConfigurationIsVisible = 0;
		};
		6C041B3A1B74BC18004F7DCD /* Build configuration list for PBXProject "GameOfLife" */ = {
			isa = XCConfigurationList;
			buildConfigurations = (
				6C041B641B74BC18004F7DCD /* Debug */,
				6C041B651B74BC18004F7DCD /* Release */,
			);
			defaultConfigurationIsVisible = 0;
			defaultConfigurationName = Release;
		};
		6C041B661B74BC18004F7DCD /* Build configuration list for PBXNativeTarget "SKGameOfLife" */ = {
			isa = XCConfigurationList;
			buildConfigurations = (
				6C041B671B74BC18004F7DCD /* Debug */,
				6C041B681B74BC18004F7DCD /* Release */,
			);
			defaultConfigurationIsVisible = 0;
			defaultConfigurationName = Release;
		};
		6C041B691B74BC18004F7DCD /* Build configuration list for PBXNativeTarget "SKGameOfLifeTests" */ = {
			isa = XCConfigurationList;
			buildConfigurations = (
				6C041B6A1B74BC18004F7DCD /* Debug */,
				6C041B6B1B74BC18004F7DCD /* Release */,
			);
			defaultConfigurationIsVisible = 0;
			defaultConfigurationName = Release;
		};
		6C041B6C1B74BC18004F7DCD /* Build configuration list for PBXNativeTarget "SKGameOfLifeUITests" */ = {
			isa = XCConfigurationList;
			buildConfigurations = (
				6C041B6D1B74BC18004F7DCD /* Debug */,
				6C041B6E1B74BC18004F7DCD /* Release */,
			);
			defaultConfigurationIsVisible = 0;
			defaultConfigurationName = Release;
		};
		6C3F68961B74BD2900D80E60 /* Build configuration list for PBXNativeTarget "MTLGameOfLife" */ = {
			isa = XCConfigurationList;
			buildConfigurations = (
				6C3F68941B74BD2800D80E60 /* Debug */,
				6C3F68951B74BD2800D80E60 /* Release */,
			);
			defaultConfigurationIsVisible = 0;
			defaultConfigurationName = Release;
		};
		6CA660111B74C44E00FA55D3 /* Build configuration list for PBXNativeTarget "GameOfLife-OpenGL" */ = {
			isa = XCConfigurationList;
			buildConfigurations = (
				6CA6600F1B74C44E00FA55D3 /* Debug */,
				6CA660101B74C44E00FA55D3 /* Release */,
			);
			defaultConfigurationIsVisible = 0;
			defaultConfigurationName = Release;
		};
/* End XCConfigurationList section */
	};
	rootObject = 6C041B371B74BC18004F7DCD /* Project object */;
}
